PODS:
  - FBRetainCycleDetector (0.1.4)

DEPENDENCIES:
  - FBRetainCycleDetector

SPEC REPOS:
  https://github.com/cocoapods/specs.git:
    - FBRetainCycleDetector

SPEC CHECKSUMS:
  FBRetainCycleDetector: 46f8179bbb1c587deee3ea838a1a3ee02acf5015

PODFILE CHECKSUM: fe31b798daa925344f23f59cd38ffcd57efc3643

COCOAPODS: 1.5.3
